Microsoft Visual Studio Solution File, Format Version 12.00
# Visual Studio Version 17
VisualStudioVersion = 17.5.2.0
MinimumVisualStudioVersion = 10.0.40219.1
Project("{FAE04EC0-301F-11D3-BF4B-00C04F79EFBC}") = "CMSMvc", "CMSMvc.csproj", "{60202090-E8FC-9AC8-06A7-5FA96B275419}"
EndProject
Global
	GlobalSection(SolutionConfigurationPlatforms) = preSolution
		Debug|Any CPU = Debug|Any CPU
		Release|Any CPU = Release|Any CPU
	EndGlobalSection
	GlobalSection(ProjectConfigurationPlatforms) = postSolution
		{60202090-E8FC-9AC8-06A7-5FA96B275419}.Debug|Any CPU.ActiveCfg = Debug|Any CPU
		{60202090-E8FC-9AC8-06A7-5FA96B275419}.Debug|Any CPU.Build.0 = Debug|Any CPU
		{60202090-E8FC-9AC8-06A7-5FA96B275419}.Release|Any CPU.ActiveCfg = Release|Any CPU
		{60202090-E8FC-9AC8-06A7-5FA96B275419}.Release|Any CPU.Build.0 = Release|Any CPU
	EndGlobalSection
	GlobalSection(SolutionProperties) = preSolution
		HideSolutionNode = FALSE
	EndGlobalSection
	GlobalSection(ExtensibilityGlobals) = postSolution
		SolutionGuid = {7E909D1C-E993-45FA-9D6E-A305FC7E47B5}
	EndGlobalSection
EndGlobal
